// !$*UTF8*$!
{
	archiveVersion = 1;
	classes = {
	};
	objectVersion = 46;
	objects = {

/* Begin PBXBuildFile section */
		189DAFC21C8B27FC005E2D85 /* AppDelegate.swift in Sources */ = {isa = PBXBuildFile; fileRef = 189DAFC11C8B27FC005E2D85 /* AppDelegate.swift */; };
		189DAFC41C8B27FC005E2D85 /* ViewController.swift in Sources */ = {isa = PBXBuildFile; fileRef = 189DAFC31C8B27FC005E2D85 /* ViewController.swift */; };
		189DAFC71C8B27FC005E2D85 /* Main.storyboard in Resources */ = {isa = PBXBuildFile; fileRef = 189DAFC51C8B27FC005E2D85 /* Main.storyboard */; };
		189DAFC91C8B27FC005E2D85 /* Assets.xcassets in Resources */ = {isa = PBXBuildFile; fileRef = 189DAFC81C8B27FC005E2D85 /* Assets.xcassets */; };
		189DAFCC1C8B27FC005E2D85 /* LaunchScreen.storyboard in Resources */ = {isa = PBXBuildFile; fileRef = 189DAFCA1C8B27FC005E2D85 /* LaunchScreen.storyboard */; };
		189DAFD71C8B27FC005E2D85 /* ScavengerHuntTests.swift in Sources */ = {isa = PBXBuildFile; fileRef = 189DAFD61C8B27FC005E2D85 /* ScavengerHuntTests.swift */; };
		189DAFE21C8B27FC005E2D85 /* ScavengerHuntUITests.swift in Sources */ = {isa = PBXBuildFile; fileRef = 189DAFE11C8B27FC005E2D85 /* ScavengerHuntUITests.swift */; };
/* End PBXBuildFile section */

/* Begin PBXContainerItemProxy section */
		189DAFD31C8B27FC005E2D85 /* PBXContainerItemProxy */ = {
			isa = PBXContainerItemProxy;
			containerPortal = 189DAFB61C8B27FC005E2D85 /* Project object */;
			proxyType = 1;
			remoteGlobalIDString = 189DAFBD1C8B27FC005E2D85;
			remoteInfo = ScavengerHunt;
		};
		189DAFDE1C8B27FC005E2D85 /* PBXContainerItemProxy */ = {
			isa = PBXContainerItemProxy;
			containerPortal = 189DAFB61C8B27FC005E2D85 /* Project object */;
			proxyType = 1;
			remoteGlobalIDString = 189DAFBD1C8B27FC005E2D85;
			remoteInfo = ScavengerHunt;
		};
/* End PBXContainerItemProxy section */

/* Begin PBXFileReference section */
		189DAFBE1C8B27FC005E2D85 /* ScavengerHunt.app */ = {isa = PBXFileReference; explicitFileType = wrapper.application; includeInIndex = 0; path = ScavengerHunt.app; sourceTree = BUILT_PRODUCTS_DIR; };
		189DAFC11C8B27FC005E2D85 /* AppDelegate.swift */ = {isa = PBXFileReference; lastKnownFileType = sourcecode.swift; path = AppDelegate.swift; sourceTree = "<group>"; };
		189DAFC31C8B27FC005E2D85 /* ViewController.swift */ = {isa = PBXFileReference; lastKnownFileType = sourcecode.swift; path = ViewController.swift; sourceTree = "<group>"; };
		189DAFC61C8B27FC005E2D85 /* Base */ = {isa = PBXFileReference; lastKnownFileType = file.storyboard; name = Base; path = Base.lproj/Main.storyboard; sourceTree = "<group>"; };
		189DAFC81C8B27FC005E2D85 /* Assets.xcassets */ = {isa = PBXFileReference; lastKnownFileType = folder.assetcatalog; path = Assets.xcassets; sourceTree = "<group>"; };
		189DAFCB1C8B27FC005E2D85 /* Base */ = {isa = PBXFileReference; lastKnownFileType = file.storyboard; name = Base; path = Base.lproj/LaunchScreen.storyboard; sourceTree = "<group>"; };
		189DAFCD1C8B27FC005E2D85 /* Info.plist */ = {isa = PBXFileReference; lastKnownFileType = text.plist.xml; path = Info.plist; sourceTree = "<group>"; };
		189DAFD21C8B27FC005E2D85 /* ScavengerHuntTests.xctest */ = {isa = PBXFileReference; explicitFileType = wrapper.cfbundle; includeInIndex = 0; path = ScavengerHuntTests.xctest; sourceTree = BUILT_PRODUCTS_DIR; };
		189DAFD61C8B27FC005E2D85 /* ScavengerHuntTests.swift */ = {isa = PBXFileReference; lastKnownFileType = sourcecode.swift; path = ScavengerHuntTests.swift; sourceTree = "<group>"; };
		189DAFD81C8B27FC005E2D85 /* Info.plist */ = {isa = PBXFileReference; lastKnownFileType = text.plist.xml; path = Info.plist; sourceTree = "<group>"; };
		189DAFDD1C8B27FC005E2D85 /* ScavengerHuntUITests.xctest */ = {isa = PBXFileReference; explicitFileType = wrapper.cfbundle; includeInIndex = 0; path = ScavengerHuntUITests.xctest; sourceTree = BUILT_PRODUCTS_DIR; };
		189DAFE11C8B27FC005E2D85 /* ScavengerHuntUITests.swift */ = {isa = PBXFileReference; lastKnownFileType = sourcecode.swift; path = ScavengerHuntUITests.swift; sourceTree = "<group>"; };
		189DAFE31C8B27FC005E2D85 /* Info.plist */ = {isa = PBXFileReference; lastKnownFileType = text.plist.xml; path = Info.plist; sourceTree = "<group>"; };
/* End PBXFileReference section */

/* Begin PBXFrameworksBuildPhase section */
		189DAFBB1C8B27FC005E2D85 /* Frameworks */ = {
			isa = PBXFrameworksBuildPhase;
			buildActionMask = 2147483647;
			files = (
			);
			runOnlyForDeploymentPostprocessing = 0;
		};
		189DAFCF1C8B27FC005E2D85 /* Frameworks */ = {
			isa = PBXFrameworksBuildPhase;
			buildActionMask = 2147483647;
			files = (
			);
			runOnlyForDeploymentPostprocessing = 0;
		};
		189DAFDA1C8B27FC005E2D85 /* Frameworks */ = {
			isa = PBXFrameworksBuildPhase;
			buildActionMask = 2147483647;
			files = (
			);
			runOnlyForDeploymentPostprocessing = 0;
		};
/* End PBXFrameworksBuildPhase section */

/* Begin PBXGroup section */
		189DAFB51C8B27FC005E2D85 = {
			isa = PBXGroup;
			children = (
				189DAFC01C8B27FC005E2D85 /* ScavengerHunt */,
				189DAFD51C8B27FC005E2D85 /* ScavengerHuntTests */,
				189DAFE01C8B27FC005E2D85 /* ScavengerHuntUITests */,
				189DAFBF1C8B27FC005E2D85 /* Products */,
			);
			sourceTree = "<group>";
		};
		189DAFBF1C8B27FC005E2D85 /* Products */ = {
			isa = PBXGroup;
			children = (
				189DAFBE1C8B27FC005E2D85 /* ScavengerHunt.app */,
				189DAFD21C8B27FC005E2D85 /* ScavengerHuntTests.xctest */,
				189DAFDD1C8B27FC005E2D85 /* ScavengerHuntUITests.xctest */,
			);
			name = Products;
			sourceTree = "<group>";
		};
		189DAFC01C8B27FC005E2D85 /* ScavengerHunt */ = {
			isa = PBXGroup;
			children = (
				189DAFC11C8B27FC005E2D85 /* AppDelegate.swift */,
				189DAFC31C8B27FC005E2D85 /* ViewController.swift */,
				189DAFC51C8B27FC005E2D85 /* Main.storyboard */,
				189DAFC81C8B27FC005E2D85 /* Assets.xcassets */,
				189DAFCA1C8B27FC005E2D85 /* LaunchScreen.storyboard */,
				189DAFCD1C8B27FC005E2D85 /* Info.plist */,
			);
			path = ScavengerHunt;
			sourceTree = "<group>";
		};
		189DAFD51C8B27FC005E2D85 /* ScavengerHuntTests */ = {
			isa = PBXGroup;
			children = (
				189DAFD61C8B27FC005E2D85 /* ScavengerHuntTests.swift */,
				189DAFD81C8B27FC005E2D85 /* Info.plist */,
			);
			path = ScavengerHuntTests;
			sourceTree = "<group>";
		};
		189DAFE01C8B27FC005E2D85 /* ScavengerHuntUITests */ = {
			isa = PBXGroup;
			children = (
				189DAFE11C8B27FC005E2D85 /* ScavengerHuntUITests.swift */,
				189DAFE31C8B27FC005E2D85 /* Info.plist */,
			);
			path = ScavengerHuntUITests;
			sourceTree = "<group>";
		};
/* End PBXGroup section */

/* Begin PBXNativeTarget section */
		189DAFBD1C8B27FC005E2D85 /* ScavengerHunt */ = {
			isa = PBXNativeTarget;
			buildConfigurationList = 189DAFE61C8B27FC005E2D85 /* Build configuration list for PBXNativeTarget "ScavengerHunt" */;
			buildPhases = (
				189DAFBA1C8B27FC005E2D85 /* Sources */,
				189DAFBB1C8B27FC005E2D85 /* Frameworks */,
				189DAFBC1C8B27FC005E2D85 /* Resources */,
			);
			buildRules = (
			);
			dependencies = (
			);
			name = ScavengerHunt;
			productName = ScavengerHunt;
			productReference = 189DAFBE1C8B27FC005E2D85 /* ScavengerHunt.app */;
			productType = "com.apple.product-type.application";
		};
		189DAFD11C8B27FC005E2D85 /* ScavengerHuntTests */ = {
			isa = PBXNativeTarget;
			buildConfigurationList = 189DAFE91C8B27FC005E2D85 /* Build configuration list for PBXNativeTarget "ScavengerHuntTests" */;
			buildPhases = (
				189DAFCE1C8B27FC005E2D85 /* Sources */,
				189DAFCF1C8B27FC005E2D85 /* Frameworks */,
				189DAFD01C8B27FC005E2D85 /* Resources */,
			);
			buildRules = (
			);
			dependencies = (
				189DAFD41C8B27FC005E2D85 /* PBXTargetDependency */,
			);
			name = ScavengerHuntTests;
			productName = ScavengerHuntTests;
			productReference = 189DAFD21C8B27FC005E2D85 /* ScavengerHuntTests.xctest */;
			productType = "com.apple.product-type.bundle.unit-test";
		};
		189DAFDC1C8B27FC005E2D85 /* ScavengerHuntUITests */ = {
			isa = PBXNativeTarget;
			buildConfigurationList = 189DAFEC1C8B27FC005E2D85 /* Build configuration list for PBXNativeTarget "ScavengerHuntUITests" */;
			buildPhases = (
				189DAFD91C8B27FC005E2D85 /* Sources */,
				189DAFDA1C8B27FC005E2D85 /* Frameworks */,
				189DAFDB1C8B27FC005E2D85 /* Resources */,
			);
			buildRules = (
			);
			dependencies = (
				189DAFDF1C8B27FC005E2D85 /* PBXTargetDependency */,
			);
			name = ScavengerHuntUITests;
			productName = ScavengerHuntUITests;
			productReference = 189DAFDD1C8B27FC005E2D85 /* ScavengerHuntUITests.xctest */;
			productType = "com.apple.product-type.bundle.ui-testing";
		};
/* End PBXNativeTarget section */

/* Begin PBXProject section */
		189DAFB61C8B27FC005E2D85 /* Project object */ = {
			isa = PBXProject;
			attributes = {
				LastSwiftUpdateCheck = 0720;
				LastUpgradeCheck = 0720;
				ORGANIZATIONNAME = Apple;
				TargetAttributes = {
					189DAFBD1C8B27FC005E2D85 = {
						CreatedOnToolsVersion = 7.2;
					};
					189DAFD11C8B27FC005E2D85 = {
						CreatedOnToolsVersion = 7.2;
						TestTargetID = 189DAFBD1C8B27FC005E2D85;
					};
					189DAFDC1C8B27FC005E2D85 = {
						CreatedOnToolsVersion = 7.2;
						TestTargetID = 189DAFBD1C8B27FC005E2D85;
					};
				};
			};
			buildConfigurationList = 189DAFB91C8B27FC005E2D85 /* Build configuration list for PBXProject "ScavengerHunt" */;
			compatibilityVersion = "Xcode 3.2";
			developmentRegion = English;
			hasScannedForEncodings = 0;
			knownRegions = (
				en,
				Base,
			);
			mainGroup = 189DAFB51C8B27FC005E2D85;
			productRefGroup = 189DAFBF1C8B27FC005E2D85 /* Products */;
			projectDirPath = "";
			projectRoot = "";
			targets = (
				189DAFBD1C8B27FC005E2D85 /* ScavengerHunt */,
				189DAFD11C8B27FC005E2D85 /* ScavengerHuntTests */,
				189DAFDC1C8B27FC005E2D85 /* ScavengerHuntUITests */,
			);
		};
/* End PBXProject section */

/* Begin PBXResourcesBuildPhase section */
		189DAFBC1C8B27FC005E2D85 /* Resources */ = {
			isa = PBXResourcesBuildPhase;
			buildActionMask = 2147483647;
			files = (
				189DAFCC1C8B27FC005E2D85 /* LaunchScreen.storyboard in Resources */,
				189DAFC91C8B27FC005E2D85 /* Assets.xcassets in Resources */,
				189DAFC71C8B27FC005E2D85 /* Main.storyboard in Resources */,
			);
			runOnlyForDeploymentPostprocessing = 0;
		};
		189DAFD01C8B27FC005E2D85 /* Resources */ = {
			isa = PBXResourcesBuildPhase;
			buildActionMask = 2147483647;
			files = (
			);
			runOnlyForDeploymentPostprocessing = 0;
		};
		189DAFDB1C8B27FC005E2D85 /* Resources */ = {
			isa = PBXResourcesBuildPhase;
			buildActionMask = 2147483647;
			files = (
			);
			runOnlyForDeploymentPostprocessing = 0;
		};
/* End PBXResourcesBuildPhase section */

/* Begin PBXSourcesBuildPhase section */
		189DAFBA1C8B27FC005E2D85 /* Sources */ = {
			isa = PBXSourcesBuildPhase;
			buildActionMask = 2147483647;
			files = (
				189DAFC41C8B27FC005E2D85 /* ViewController.swift in Sources */,
				189DAFC21C8B27FC005E2D85 /* AppDelegate.swift in Sources */,
			);
			runOnlyForDeploymentPostprocessing = 0;
		};
		189DAFCE1C8B27FC005E2D85 /* Sources */ = {
			isa = PBXSourcesBuildPhase;
			buildActionMask = 2147483647;
			files = (
				189DAFD71C8B27FC005E2D85 /* ScavengerHuntTests.swift in Sources */,
			);
			runOnlyForDeploymentPostprocessing = 0;
		};
		189DAFD91C8B27FC005E2D85 /* Sources */ = {
			isa = PBXSourcesBuildPhase;
			buildActionMask = 2147483647;
			files = (
				189DAFE21C8B27FC005E2D85 /* ScavengerHuntUITests.swift in Sources */,
			);
			runOnlyForDeploymentPostprocessing = 0;
		};
/* End PBXSourcesBuildPhase section */

/* Begin PBXTargetDependency section */
		189DAFD41C8B27FC005E2D85 /* PBXTargetDependency */ = {
			isa = PBXTargetDependency;
			target = 189DAFBD1C8B27FC005E2D85 /* ScavengerHunt */;
			targetProxy = 189DAFD31C8B27FC005E2D85 /* PBXContainerItemProxy */;
		};
		189DAFDF1C8B27FC005E2D85 /* PBXTargetDependency */ = {
			isa = PBXTargetDependency;
			target = 189DAFBD1C8B27FC005E2D85 /* ScavengerHunt */;
			targetProxy = 189DAFDE1C8B27FC005E2D85 /* PBXContainerItemProxy */;
		};
/* End PBXTargetDependency section */

/* Begin PBXVariantGroup section */
		189DAFC51C8B27FC005E2D85 /* Main.storyboard */ = {
			isa = PBXVariantGroup;
			children = (
				189DAFC61C8B27FC005E2D85 /* Base */,
			);
			name = Main.storyboard;
			sourceTree = "<group>";
		};
		189DAFCA1C8B27FC005E2D85 /* LaunchScreen.storyboard */ = {
			isa = PBXVariantGroup;
			children = (
				189DAFCB1C8B27FC005E2D85 /* Base */,
			);
			name = LaunchScreen.storyboard;
			sourceTree = "<group>";
		};
/* End PBXVariantGroup section */

/* Begin XCBuildConfiguration section */
		189DAFE41C8B27FC005E2D85 /* Debug */ = {
			isa = XCBuildConfiguration;
			buildSettings = {
				ALWAYS_SEARCH_USER_PATHS = NO;
				CLANG_CXX_LANGUAGE_STANDARD = "gnu++0x";
				CLANG_CXX_LIBRARY = "libc++";
				CLANG_ENABLE_MODULES = YES;
				CLANG_ENABLE_OBJC_ARC = YES;
				CLANG_WARN_BOOL_CONVERSION = YES;
				CLANG_WARN_CONSTANT_CONVERSION = YES;
				CLANG_WARN_DIRECT_OBJC_ISA_USAGE = YES_ERROR;
				CLANG_WARN_EMPTY_BODY = YES;
				CLANG_WARN_ENUM_CONVERSION = YES;
				CLANG_WARN_INT_CONVERSION = YES;
				CLANG_WARN_OBJC_ROOT_CLASS = YES_ERROR;
				CLANG_WARN_UNREACHABLE_CODE = YES;
				CLANG_WARN__DUPLICATE_METHOD_MATCH = YES;
				"CODE_SIGN_IDENTITY[sdk=iphoneos*]" = "iPhone Developer";
				COPY_PHASE_STRIP = NO;
				DEBUG_INFORMATION_FORMAT = dwarf;
				ENABLE_STRICT_OBJC_MSGSEND = YES;
				ENABLE_TESTABILITY = YES;
				GCC_C_LANGUAGE_STANDARD = gnu99;
				GCC_DYNAMIC_NO_PIC = NO;
				GCC_NO_COMMON_BLOCKS = YES;
				GCC_OPTIMIZATION_LEVEL = 0;
				GCC_PREPROCESSOR_DEFINITIONS = (
					"DEBUG=1",
					"$(inherited)",
				);
				GCC_WARN_64_TO_32_BIT_CONVERSION = YES;
				GCC_WARN_ABOUT_RETURN_TYPE = YES_ERROR;
				GCC_WARN_UNDECLARED_SELECTOR = YES;
				GCC_WARN_UNINITIALIZED_AUTOS = YES_AGGRESSIVE;
				GCC_WARN_UNUSED_FUNCTION = YES;
				GCC_WARN_UNUSED_VARIABLE = YES;
				IPHONEOS_DEPLOYMENT_TARGET = 9.2;
				MTL_ENABLE_DEBUG_INFO = YES;
				ONLY_ACTIVE_ARCH = YES;
				SDKROOT = iphoneos;
				SWIFT_OPTIMIZATION_LEVEL = "-Onone";
				TARGETED_DEVICE_FAMILY = "1,2";
			};
			name = Debug;
		};
		189DAFE51C8B27FC005E2D85 /* Release */ = {
			isa = XCBuildConfiguration;
			buildSettings = {
				ALWAYS_SEARCH_USER_PATHS = NO;
				CLANG_CXX_LANGUAGE_STANDARD = "gnu++0x";
				CLANG_CXX_LIBRARY = "libc++";
				CLANG_ENABLE_MODULES = YES;
				CLANG_ENABLE_OBJC_ARC = YES;
				CLANG_WARN_BOOL_CONVERSION = YES;
				CLANG_WARN_CONSTANT_CONVERSION = YES;
				CLANG_WARN_DIRECT_OBJC_ISA_USAGE = YES_ERROR;
				CLANG_WARN_EMPTY_BODY = YES;
				CLANG_WARN_ENUM_CONVERSION = YES;
				CLANG_WARN_INT_CONVERSION = YES;
				CLANG_WARN_OBJC_ROOT_CLASS = YES_ERROR;
				CLANG_WARN_UNREACHABLE_CODE = YES;
				CLANG_WARN__DUPLICATE_METHOD_MATCH = YES;
				"CODE_SIGN_IDENTITY[sdk=iphoneos*]" = "iPhone Developer";
				COPY_PHASE_STRIP = NO;
				DEBUG_INFORMATION_FORMAT = "dwarf-with-dsym";
				ENABLE_NS_ASSERTIONS = NO;
				ENABLE_STRICT_OBJC_MSGSEND = YES;
				GCC_C_LANGUAGE_STANDARD = gnu99;
				GCC_NO_COMMON_BLOCKS = YES;
				GCC_WARN_64_TO_32_BIT_CONVERSION = YES;
				GCC_WARN_ABOUT_RETURN_TYPE = YES_ERROR;
				GCC_WARN_UNDECLARED_SELECTOR = YES;
				GCC_WARN_UNINITIALIZED_AUTOS = YES_AGGRESSIVE;
				GCC_WARN_UNUSED_FUNCTION = YES;
				GCC_WARN_UNUSED_VARIABLE = YES;
				IPHONEOS_DEPLOYMENT_TARGET = 9.2;
				MTL_ENABLE_DEBUG_INFO = NO;
				SDKROOT = iphoneos;
				TARGETED_DEVICE_FAMILY = "1,2";
				VALIDATE_PRODUCT = YES;
			};
			name = Release;
		};
		189DAFE71C8B27FC005E2D85 /* Debug */ = {
			isa = XCBuildConfiguration;
			buildSettings = {
				ASSETCATALOG_COMPILER_APPICON_NAME = AppIcon;
				INFOPLIST_FILE = ScavengerHunt/Info.plist;
				LD_RUNPATH_SEARCH_PATHS = "$(inherited) @executable_path/Frameworks";
				PRODUCT_BUNDLE_IDENTIFIER = com.example.ScavengerHunt;
				PRODUCT_NAME = "$(TARGET_NAME)";
			};
			name = Debug;
		};
		189DAFE81C8B27FC005E2D85 /* Release */ = {
			isa = XCBuildConfiguration;
			buildSettings = {
				ASSETCATALOG_COMPILER_APPICON_NAME = AppIcon;
				INFOPLIST_FILE = ScavengerHunt/Info.plist;
				LD_RUNPATH_SEARCH_PATHS = "$(inherited) @executable_path/Frameworks";
				PRODUCT_BUNDLE_IDENTIFIER = com.example.ScavengerHunt;
				PRODUCT_NAME = "$(TARGET_NAME)";
			};
			name = Release;
		};
		189DAFEA1C8B27FC005E2D85 /* Debug */ = {
			isa = XCBuildConfiguration;
			buildSettings = {
				BUNDLE_LOADER = "$(TEST_HOST)";
				INFOPLIST_FILE = ScavengerHuntTests/Info.plist;
				LD_RUNPATH_SEARCH_PATHS = "$(inherited) @executable_path/Frameworks @loader_path/Frameworks";
				PRODUCT_BUNDLE_IDENTIFIER = com.example.ScavengerHuntTests;
				PRODUCT_NAME = "$(TARGET_NAME)";
				TEST_HOST = "$(BUILT_PRODUCTS_DIR)/ScavengerHunt.app/ScavengerHunt";
			};
			name = Debug;
		};
		189DAFEB1C8B27FC005E2D85 /* Release */ = {
			isa = XCBuildConfiguration;
			buildSettings = {
				BUNDLE_LOADER = "$(TEST_HOST)";
				INFOPLIST_FILE = ScavengerHuntTests/Info.plist;
				LD_RUNPATH_SEARCH_PATHS = "$(inherited) @executable_path/Frameworks @loader_path/Frameworks";
				PRODUCT_BUNDLE_IDENTIFIER = com.example.ScavengerHuntTests;
				PRODUCT_NAME = "$(TARGET_NAME)";
				TEST_HOST = "$(BUILT_PRODUCTS_DIR)/ScavengerHunt.app/ScavengerHunt";
			};
			name = Release;
		};
		189DAFED1C8B27FC005E2D85 /* Debug */ = {
			isa = XCBuildConfiguration;
			buildSettings = {
				INFOPLIST_FILE = ScavengerHuntUITests/Info.plist;
				LD_RUNPATH_SEARCH_PATHS = "$(inherited) @executable_path/Frameworks @loader_path/Frameworks";
				PRODUCT_BUNDLE_IDENTIFIER = com.example.ScavengerHuntUITests;
				PRODUCT_NAME = "$(TARGET_NAME)";
				TEST_TARGET_NAME = ScavengerHunt;
				USES_XCTRUNNER = YES;
			};
			name = Debug;
		};
		189DAFEE1C8B27FC005E2D85 /* Release */ = {
			isa = XCBuildConfiguration;
			buildSettings = {
				INFOPLIST_FILE = ScavengerHuntUITests/Info.plist;
				LD_RUNPATH_SEARCH_PATHS = "$(inherited) @executable_path/Frameworks @loader_path/Frameworks";
				PRODUCT_BUNDLE_IDENTIFIER = com.example.ScavengerHuntUITests;
				PRODUCT_NAME = "$(TARGET_NAME)";
				TEST_TARGET_NAME = ScavengerHunt;
				USES_XCTRUNNER = YES;
			};
			name = Release;
		};
/* End XCBuildConfiguration section */

/* Begin XCConfigurationList section */
		189DAFB91C8B27FC005E2D85 /* Build configuration list for PBXProject "ScavengerHunt" */ = {
			isa = XCConfigurationList;
			buildConfigurations = (
				189DAFE41C8B27FC005E2D85 /* Debug */,
				189DAFE51C8B27FC005E2D85 /* Release */,
			);
			defaultConfigurationIsVisible = 0;
			defaultConfigurationName = Release;
		};
		189DAFE61C8B27FC005E2D85 /* Build configuration list for PBXNativeTarget "ScavengerHunt" */ = {
			isa = XCConfigurationList;
			buildConfigurations = (
				189DAFE71C8B27FC005E2D85 /* Debug */,
				189DAFE81C8B27FC005E2D85 /* Release */,
			);
			defaultConfigurationIsVisible = 0;
		};
		189DAFE91C8B27FC005E2D85 /* Build configuration list for PBXNativeTarget "ScavengerHuntTests" */ = {
			isa = XCConfigurationList;
			buildConfigurations = (
				189DAFEA1C8B27FC005E2D85 /* Debug */,
				189DAFEB1C8B27FC005E2D85 /* Release */,
			);
			defaultConfigurationIsVisible = 0;
		};
		189DAFEC1C8B27FC005E2D85 /* Build configuration list for PBXNativeTarget "ScavengerHuntUITests" */ = {
			isa = XCConfigurationList;
			buildConfigurations = (
				189DAFED1C8B27FC005E2D85 /* Debug */,
				189DAFEE1C8B27FC005E2D85 /* Release */,
			);
			defaultConfigurationIsVisible = 0;
		};
/* End XCConfigurationList section */
	};
	rootObject = 189DAFB61C8B27FC005E2D85 /* Project object */;
}
